
Microsoft Visual Studio Solution File, Format Version 12.00
# Visual Studio 15
VisualStudioVersion = 15.0.28307.489
MinimumVisualStudioVersion = 10.0.40219.1
Project("{FAE04EC0-301F-11D3-BF4B-00C04F79EFBC}") = "TRL", "TRL\TRL.csproj", "{B47FE401-2080-46D4-AD01-7522324748C2}"
	ProjectSection(ProjectDependencies) = postProject
		{02F46C43-7E35-415C-AF00-1DB3984ED09A} = {02F46C43-7E35-415C-AF00-1DB3984ED09A}
	EndProjectSection
EndProject
Project("{FAE04EC0-301F-11D3-BF4B-00C04F79EFBC}") = "PDF", "..\PDF\PDF\PDF.csproj", "{02F46C43-7E35-415C-AF00-1DB3984ED09A}"
EndProject
Global
	GlobalSection(SolutionConfigurationPlatforms) = preSolution
		Debug .NET Native|Any CPU = Debug .NET Native|Any CPU
		Debug .NET Native|ARM = Debug .NET Native|ARM
		Debug .NET Native|ARM64 = Debug .NET Native|ARM64
		Debug .NET Native|x64 = Debug .NET Native|x64
		Debug .NET Native|x86 = Debug .NET Native|x86
		Debug|Any CPU = Debug|Any CPU
		Debug|ARM = Debug|ARM
		Debug|ARM64 = Debug|ARM64
		Debug|x64 = Debug|x64
		Debug|x86 = Debug|x86
		Release|Any CPU = Release|Any CPU
		Release|ARM = Release|ARM
		Release|ARM64 = Release|ARM64
		Release|x64 = Release|x64
		Release|x86 = Release|x86
	EndGlobalSection
	GlobalSection(ProjectConfigurationPlatforms) = postSolution
		{B47FE401-2080-46D4-AD01-7522324748C2}.Debug .NET Native|Any CPU.ActiveCfg = Debug .NET Native|x86
		{B47FE401-2080-46D4-AD01-7522324748C2}.Debug .NET Native|ARM.ActiveCfg = Debug .NET Native|ARM
		{B47FE401-2080-46D4-AD01-7522324748C2}.Debug .NET Native|ARM.Build.0 = Debug .NET Native|ARM
		{B47FE401-2080-46D4-AD01-7522324748C2}.Debug .NET Native|ARM.Deploy.0 = Debug .NET Native|ARM
		{B47FE401-2080-46D4-AD01-7522324748C2}.Debug .NET Native|ARM64.ActiveCfg = Debug .NET Native|ARM64
		{B47FE401-2080-46D4-AD01-7522324748C2}.Debug .NET Native|ARM64.Build.0 = Debug .NET Native|ARM64
		{B47FE401-2080-46D4-AD01-7522324748C2}.Debug .NET Native|ARM64.Deploy.0 = Debug .NET Native|ARM64
		{B47FE401-2080-46D4-AD01-7522324748C2}.Debug .NET Native|x64.ActiveCfg = Debug .NET Native|x64
		{B47FE401-2080-46D4-AD01-7522324748C2}.Debug .NET Native|x64.Build.0 = Debug .NET Native|x64
		{B47FE401-2080-46D4-AD01-7522324748C2}.Debug .NET Native|x64.Deploy.0 = Debug .NET Native|x64
		{B47FE401-2080-46D4-AD01-7522324748C2}.Debug .NET Native|x86.ActiveCfg = Debug .NET Native|x86
		{B47FE401-2080-46D4-AD01-7522324748C2}.Debug .NET Native|x86.Build.0 = Debug .NET Native|x86
		{B47FE401-2080-46D4-AD01-7522324748C2}.Debug .NET Native|x86.Deploy.0 = Debug .NET Native|x86
		{B47FE401-2080-46D4-AD01-7522324748C2}.Debug|Any CPU.ActiveCfg = Debug|x86
		{B47FE401-2080-46D4-AD01-7522324748C2}.Debug|ARM.ActiveCfg = Debug|ARM
		{B47FE401-2080-46D4-AD01-7522324748C2}.Debug|ARM.Build.0 = Debug|ARM
		{B47FE401-2080-46D4-AD01-7522324748C2}.Debug|ARM.Deploy.0 = Debug|ARM
		{B47FE401-2080-46D4-AD01-7522324748C2}.Debug|ARM64.ActiveCfg = Debug|ARM64
		{B47FE401-2080-46D4-AD01-7522324748C2}.Debug|ARM64.Build.0 = Debug|ARM64
		{B47FE401-2080-46D4-AD01-7522324748C2}.Debug|ARM64.Deploy.0 = Debug|ARM64
		{B47FE401-2080-46D4-AD01-7522324748C2}.Debug|x64.ActiveCfg = Debug|x64
		{B47FE401-2080-46D4-AD01-7522324748C2}.Debug|x64.Build.0 = Debug|x64
		{B47FE401-2080-46D4-AD01-7522324748C2}.Debug|x64.Deploy.0 = Debug|x64
		{B47FE401-2080-46D4-AD01-7522324748C2}.Debug|x86.ActiveCfg = Debug|x86
		{B47FE401-2080-46D4-AD01-7522324748C2}.Debug|x86.Build.0 = Debug|x86
		{B47FE401-2080-46D4-AD01-7522324748C2}.Debug|x86.Deploy.0 = Debug|x86
		{B47FE401-2080-46D4-AD01-7522324748C2}.Release|Any CPU.ActiveCfg = Release|x86
		{B47FE401-2080-46D4-AD01-7522324748C2}.Release|ARM.ActiveCfg = Release|ARM
		{B47FE401-2080-46D4-AD01-7522324748C2}.Release|ARM.Build.0 = Release|ARM
		{B47FE401-2080-46D4-AD01-7522324748C2}.Release|ARM.Deploy.0 = Release|ARM
		{B47FE401-2080-46D4-AD01-7522324748C2}.Release|ARM64.ActiveCfg = Release|ARM64
		{B47FE401-2080-46D4-AD01-7522324748C2}.Release|ARM64.Build.0 = Release|ARM64
		{B47FE401-2080-46D4-AD01-7522324748C2}.Release|ARM64.Deploy.0 = Release|ARM64
		{B47FE401-2080-46D4-AD01-7522324748C2}.Release|x64.ActiveCfg = Release|x64
		{B47FE401-2080-46D4-AD01-7522324748C2}.Release|x64.Build.0 = Release|x64
		{B47FE401-2080-46D4-AD01-7522324748C2}.Release|x64.Deploy.0 = Release|x64
		{B47FE401-2080-46D4-AD01-7522324748C2}.Release|x86.ActiveCfg = Release|x86
		{B47FE401-2080-46D4-AD01-7522324748C2}.Release|x86.Build.0 = Release|x86
		{B47FE401-2080-46D4-AD01-7522324748C2}.Release|x86.Deploy.0 = Release|x86
		{02F46C43-7E35-415C-AF00-1DB3984ED09A}.Debug .NET Native|Any CPU.ActiveCfg = Debug .NET Native|Any CPU
		{02F46C43-7E35-415C-AF00-1DB3984ED09A}.Debug .NET Native|Any CPU.Build.0 = Debug .NET Native|Any CPU
		{02F46C43-7E35-415C-AF00-1DB3984ED09A}.Debug .NET Native|ARM.ActiveCfg = Debug .NET Native|ARM
		{02F46C43-7E35-415C-AF00-1DB3984ED09A}.Debug .NET Native|ARM.Build.0 = Debug .NET Native|ARM
		{02F46C43-7E35-415C-AF00-1DB3984ED09A}.Debug .NET Native|ARM64.ActiveCfg = Debug .NET Native|ARM64
		{02F46C43-7E35-415C-AF00-1DB3984ED09A}.Debug .NET Native|ARM64.Build.0 = Debug .NET Native|ARM64
		{02F46C43-7E35-415C-AF00-1DB3984ED09A}.Debug .NET Native|x64.ActiveCfg = Debug .NET Native|x64
		{02F46C43-7E35-415C-AF00-1DB3984ED09A}.Debug .NET Native|x64.Build.0 = Debug .NET Native|x64
		{02F46C43-7E35-415C-AF00-1DB3984ED09A}.Debug .NET Native|x86.ActiveCfg = Debug .NET Native|x86
		{02F46C43-7E35-415C-AF00-1DB3984ED09A}.Debug .NET Native|x86.Build.0 = Debug .NET Native|x86
		{02F46C43-7E35-415C-AF00-1DB3984ED09A}.Debug|Any CPU.ActiveCfg = Debug|Any CPU
		{02F46C43-7E35-415C-AF00-1DB3984ED09A}.Debug|Any CPU.Build.0 = Debug|Any CPU
		{02F46C43-7E35-415C-AF00-1DB3984ED09A}.Debug|ARM.ActiveCfg = Debug|ARM
		{02F46C43-7E35-415C-AF00-1DB3984ED09A}.Debug|ARM.Build.0 = Debug|ARM
		{02F46C43-7E35-415C-AF00-1DB3984ED09A}.Debug|ARM64.ActiveCfg = Debug|ARM64
		{02F46C43-7E35-415C-AF00-1DB3984ED09A}.Debug|ARM64.Build.0 = Debug|ARM64
		{02F46C43-7E35-415C-AF00-1DB3984ED09A}.Debug|x64.ActiveCfg = Debug|x64
		{02F46C43-7E35-415C-AF00-1DB3984ED09A}.Debug|x64.Build.0 = Debug|x64
		{02F46C43-7E35-415C-AF00-1DB3984ED09A}.Debug|x86.ActiveCfg = Debug|x86
		{02F46C43-7E35-415C-AF00-1DB3984ED09A}.Debug|x86.Build.0 = Debug|x86
		{02F46C43-7E35-415C-AF00-1DB3984ED09A}.Release|Any CPU.ActiveCfg = Release|Any CPU
		{02F46C43-7E35-415C-AF00-1DB3984ED09A}.Release|Any CPU.Build.0 = Release|Any CPU
		{02F46C43-7E35-415C-AF00-1DB3984ED09A}.Release|ARM.ActiveCfg = Release|ARM
		{02F46C43-7E35-415C-AF00-1DB3984ED09A}.Release|ARM.Build.0 = Release|ARM
		{02F46C43-7E35-415C-AF00-1DB3984ED09A}.Release|ARM64.ActiveCfg = Release|ARM64
		{02F46C43-7E35-415C-AF00-1DB3984ED09A}.Release|ARM64.Build.0 = Release|ARM64
		{02F46C43-7E35-415C-AF00-1DB3984ED09A}.Release|x64.ActiveCfg = Release|x64
		{02F46C43-7E35-415C-AF00-1DB3984ED09A}.Release|x64.Build.0 = Release|x64
		{02F46C43-7E35-415C-AF00-1DB3984ED09A}.Release|x86.ActiveCfg = Release|x86
		{02F46C43-7E35-415C-AF00-1DB3984ED09A}.Release|x86.Build.0 = Release|x86
	EndGlobalSection
	GlobalSection(SolutionProperties) = preSolution
		HideSolutionNode = FALSE
	EndGlobalSection
	GlobalSection(ExtensibilityGlobals) = postSolution
		SolutionGuid = {18063194-E4C8-48EA-80A6-3A31DEA95DCE}
	EndGlobalSection
EndGlobal
